# THIS IS AN AUTOGENERATED FILE. DO NOT EDIT THIS FILE DIRECTLY.
# yarn lockfile v1


yesno@^0.4.0:
  version "0.4.0"
  resolved "https://registry.yarnpkg.com/yesno/-/yesno-0.4.0.tgz#5d674f14d339f0bd4b0edc47f899612c74fcd895"
  integrity sha512-tdBxmHvbXPBKYIg81bMCB7bVeDmHkRzk5rVJyYYXurwKkHq/MCd8rz4HSJUP7hW0H2NlXiq8IFiWvYKEHhlotA==
